
Microsoft Visual Studio Solution File, Format Version 12.00
# Visual Studio Version 17
VisualStudioVersion = 17.14.36414.22 d17.14
MinimumVisualStudioVersion = 10.0.40219.1
Project("{FAE04EC0-301F-11D3-BF4B-00C04F79EFBC}") = "DOANTOTNGHIEPSIEUVIPPROMAX", "DOANTOTNGHIEPSIEUVIPPROMAX.csproj", "{022A5137-0430-441D-86D0-66F096F9DE42}"
EndProject
Global
	GlobalSection(SolutionConfigurationPlatforms) = preSolution
		Debug|Any CPU = Debug|Any CPU
		Release|Any CPU = Release|Any CPU
	EndGlobalSection
	GlobalSection(ProjectConfigurationPlatforms) = postSolution
		{022A5137-0430-441D-86D0-66F096F9DE42}.Debug|Any CPU.ActiveCfg = Debug|Any CPU
		{022A5137-0430-441D-86D0-66F096F9DE42}.Debug|Any CPU.Build.0 = Debug|Any CPU
		{022A5137-0430-441D-86D0-66F096F9DE42}.Release|Any CPU.ActiveCfg = Release|Any CPU
		{022A5137-0430-441D-86D0-66F096F9DE42}.Release|Any CPU.Build.0 = Release|Any CPU
	EndGlobalSection
	GlobalSection(SolutionProperties) = preSolution
		HideSolutionNode = FALSE
	EndGlobalSection
	GlobalSection(ExtensibilityGlobals) = postSolution
		SolutionGuid = {A382B68B-EAB2-4086-A50D-E09800BD5F83}
	EndGlobalSection
EndGlobal
